
Microsoft Visual Studio Solution File, Format Version 12.00
# Visual Studio 14
VisualStudioVersion = 14.0.22823.1
MinimumVisualStudioVersion = 10.0.40219.1
Project("{FAE04EC0-301F-11D3-BF4B-00C04F79EFBC}") = "MenedgerAudaWEB_0.0", "MenedgerAudaWEB_0.0\MenedgerAudaWEB_0.0.csproj", "{F9D83769-F8AE-440D-83A2-E92E6B6741E0}"
EndProject
Global
	GlobalSection(SolutionConfigurationPlatforms) = preSolution
		Debug|Any CPU = Debug|Any CPU
		Debug|x64 = Debug|x64
		Debug|x86 = Debug|x86
		Release|Any CPU = Release|Any CPU
		Release|x64 = Release|x64
		Release|x86 = Release|x86
	EndGlobalSection
	GlobalSection(ProjectConfigurationPlatforms) = postSolution
		{F9D83769-F8AE-440D-83A2-E92E6B6741E0}.Debug|Any CPU.ActiveCfg = Debug|Any CPU
		{F9D83769-F8AE-440D-83A2-E92E6B6741E0}.Debug|Any CPU.Build.0 = Debug|Any CPU
		{F9D83769-F8AE-440D-83A2-E92E6B6741E0}.Debug|x64.ActiveCfg = Debug|x64
		{F9D83769-F8AE-440D-83A2-E92E6B6741E0}.Debug|x64.Build.0 = Debug|x64
		{F9D83769-F8AE-440D-83A2-E92E6B6741E0}.Debug|x86.ActiveCfg = Debug|x86
		{F9D83769-F8AE-440D-83A2-E92E6B6741E0}.Debug|x86.Build.0 = Debug|x86
		{F9D83769-F8AE-440D-83A2-E92E6B6741E0}.Debug|x86.Deploy.0 = Debug|x86
		{F9D83769-F8AE-440D-83A2-E92E6B6741E0}.Release|Any CPU.ActiveCfg = Release|Any CPU
		{F9D83769-F8AE-440D-83A2-E92E6B6741E0}.Release|Any CPU.Build.0 = Release|Any CPU
		{F9D83769-F8AE-440D-83A2-E92E6B6741E0}.Release|x64.ActiveCfg = Release|x64
		{F9D83769-F8AE-440D-83A2-E92E6B6741E0}.Release|x64.Build.0 = Release|x64
		{F9D83769-F8AE-440D-83A2-E92E6B6741E0}.Release|x86.ActiveCfg = Release|x86
		{F9D83769-F8AE-440D-83A2-E92E6B6741E0}.Release|x86.Build.0 = Release|x86
	EndGlobalSection
	GlobalSection(SolutionProperties) = preSolution
		HideSolutionNode = FALSE
	EndGlobalSection
EndGlobal
